
Microsoft Visual Studio Solution File, Format Version 12.00
# Visual Studio Version 16
VisualStudioVersion = 16.0.29728.190
MinimumVisualStudioVersion = 10.0.40219.1
Project("{FAE04EC0-301F-11D3-BF4B-00C04F79EFBC}") = "StringBuildAssmt", "StringBuildAssmt\StringBuildAssmt.csproj", "{D8E3B0B6-8E42-4FB5-8E6A-C56DAAFE426F}"
EndProject
Global
	GlobalSection(SolutionConfigurationPlatforms) = preSolution
		Debug|Any CPU = Debug|Any CPU
		Release|Any CPU = Release|Any CPU
	EndGlobalSection
	GlobalSection(ProjectConfigurationPlatforms) = postSolution
		{D8E3B0B6-8E42-4FB5-8E6A-C56DAAFE426F}.Debug|Any CPU.ActiveCfg = Debug|Any CPU
		{D8E3B0B6-8E42-4FB5-8E6A-C56DAAFE426F}.Debug|Any CPU.Build.0 = Debug|Any CPU
		{D8E3B0B6-8E42-4FB5-8E6A-C56DAAFE426F}.Release|Any CPU.ActiveCfg = Release|Any CPU
		{D8E3B0B6-8E42-4FB5-8E6A-C56DAAFE426F}.Release|Any CPU.Build.0 = Release|Any CPU
	EndGlobalSection
	GlobalSection(SolutionProperties) = preSolution
		HideSolutionNode = FALSE
	EndGlobalSection
	GlobalSection(ExtensibilityGlobals) = postSolution
		SolutionGuid = {CD141BEA-01D3-47AD-96F9-4BD00FAB5208}
	EndGlobalSection
EndGlobal
